// !$*UTF8*$!
{
	archiveVersion = 1;
	classes = {
	};
	objectVersion = 56;
	objects = {

/* Begin PBXBuildFile section */
		A10000000000000000000001 /* FramewiseApp.swift in Sources */ = {isa = PBXBuildFile; fileRef = A20000000000000000000001 /* FramewiseApp.swift */; };
		A10000000000000000000002 /* AppRootView.swift in Sources */ = {isa = PBXBuildFile; fileRef = A20000000000000000000002 /* AppRootView.swift */; };
		A10000000000000000000003 /* GuidesScreen.swift in Sources */ = {isa = PBXBuildFile; fileRef = A20000000000000000000003 /* GuidesScreen.swift */; };
		A10000000000000000000004 /* MineScreen.swift in Sources */ = {isa = PBXBuildFile; fileRef = A20000000000000000000004 /* MineScreen.swift */; };
		A10000000000000000000005 /* SearchScreen.swift in Sources */ = {isa = PBXBuildFile; fileRef = A20000000000000000000005 /* SearchScreen.swift */; };
		A10000000000000000000006 /* MainTabView.swift in Sources */ = {isa = PBXBuildFile; fileRef = A20000000000000000000006 /* MainTabView.swift */; };
		A10000000000000000000007 /* FloatingTabBar.swift in Sources */ = {isa = PBXBuildFile; fileRef = A20000000000000000000007 /* FloatingTabBar.swift */; };
		A10000000000000000000008 /* Assets.xcassets in Resources */ = {isa = PBXBuildFile; fileRef = A20000000000000000000008 /* Assets.xcassets */; };
		A10000000000000000000009 /* InfoPlist.strings in Resources */ = {isa = PBXBuildFile; fileRef = A20000000000000000000009 /* InfoPlist.strings */; };
/* End PBXBuildFile section */

/* Begin PBXFileReference section */
		A20000000000000000000001 /* FramewiseApp.swift */ = {isa = PBXFileReference; lastKnownFileType = sourcecode.swift; path = FramewiseApp.swift; sourceTree = "<group>"; };
		A20000000000000000000002 /* AppRootView.swift */ = {isa = PBXFileReference; lastKnownFileType = sourcecode.swift; path = AppRootView.swift; sourceTree = "<group>"; };
		A20000000000000000000003 /* GuidesScreen.swift */ = {isa = PBXFileReference; lastKnownFileType = sourcecode.swift; path = GuidesScreen.swift; sourceTree = "<group>"; };
		A20000000000000000000004 /* MineScreen.swift */ = {isa = PBXFileReference; lastKnownFileType = sourcecode.swift; path = MineScreen.swift; sourceTree = "<group>"; };
		A20000000000000000000005 /* SearchScreen.swift */ = {isa = PBXFileReference; lastKnownFileType = sourcecode.swift; path = SearchScreen.swift; sourceTree = "<group>"; };
		A20000000000000000000006 /* MainTabView.swift */ = {isa = PBXFileReference; lastKnownFileType = sourcecode.swift; path = MainTabView.swift; sourceTree = "<group>"; };
		A20000000000000000000007 /* FloatingTabBar.swift */ = {isa = PBXFileReference; lastKnownFileType = sourcecode.swift; path = FloatingTabBar.swift; sourceTree = "<group>"; };
		A20000000000000000000008 /* Assets.xcassets */ = {isa = PBXFileReference; lastKnownFileType = folder.assetcatalog; path = Assets.xcassets; sourceTree = "<group>"; };
		A2000000000000000000000A /* zh-Hans */ = {isa = PBXFileReference; lastKnownFileType = text.plist.strings; name = "zh-Hans"; path = "zh-Hans.lproj/InfoPlist.strings"; sourceTree = "<group>"; };
		A2000000000000000000000B /* Framewise.app */ = {isa = PBXFileReference; explicitFileType = wrapper.application; includeInIndex = 0; path = Framewise.app; sourceTree = BUILT_PRODUCTS_DIR; };
/* End PBXFileReference section */

/* Begin PBXFrameworksBuildPhase section */
		A30000000000000000000001 /* Frameworks */ = {
			isa = PBXFrameworksBuildPhase;
			buildActionMask = 2147483647;
			files = (
			);
			runOnlyForDeploymentPostprocessing = 0;
		};
/* End PBXFrameworksBuildPhase section */

/* Begin PBXGroup section */
		A40000000000000000000001 = {
			isa = PBXGroup;
			children = (
				A40000000000000000000002 /* Framewise */,
				A40000000000000000000009 /* Products */,
			);
			sourceTree = "<group>";
		};
		A40000000000000000000002 /* Framewise */ = {
			isa = PBXGroup;
			children = (
				A40000000000000000000003 /* App */,
				A40000000000000000000004 /* Features */,
				A40000000000000000000008 /* Navigation */,
				A4000000000000000000000A /* Resources */,
			);
			path = Framewise;
			sourceTree = "<group>";
		};
		A40000000000000000000003 /* App */ = {
			isa = PBXGroup;
			children = (
				A20000000000000000000001 /* FramewiseApp.swift */,
				A20000000000000000000002 /* AppRootView.swift */,
			);
			path = App;
			sourceTree = "<group>";
		};
		A40000000000000000000004 /* Features */ = {
			isa = PBXGroup;
			children = (
				A40000000000000000000005 /* Guides */,
				A40000000000000000000006 /* Mine */,
				A40000000000000000000007 /* Search */,
			);
			path = Features;
			sourceTree = "<group>";
		};
		A40000000000000000000005 /* Guides */ = {
			isa = PBXGroup;
			children = (
				A20000000000000000000003 /* GuidesScreen.swift */,
			);
			path = Guides;
			sourceTree = "<group>";
		};
		A40000000000000000000006 /* Mine */ = {
			isa = PBXGroup;
			children = (
				A20000000000000000000004 /* MineScreen.swift */,
			);
			path = Mine;
			sourceTree = "<group>";
		};
		A40000000000000000000007 /* Search */ = {
			isa = PBXGroup;
			children = (
				A20000000000000000000005 /* SearchScreen.swift */,
			);
			path = Search;
			sourceTree = "<group>";
		};
		A40000000000000000000008 /* Navigation */ = {
			isa = PBXGroup;
			children = (
				A20000000000000000000006 /* MainTabView.swift */,
				A20000000000000000000007 /* FloatingTabBar.swift */,
			);
			path = Navigation;
			sourceTree = "<group>";
		};
		A40000000000000000000009 /* Products */ = {
			isa = PBXGroup;
			children = (
				A2000000000000000000000B /* Framewise.app */,
			);
			name = Products;
			sourceTree = "<group>";
		};
		A4000000000000000000000A /* Resources */ = {
			isa = PBXGroup;
			children = (
				A20000000000000000000008 /* Assets.xcassets */,
				A20000000000000000000009 /* InfoPlist.strings */,
			);
			path = Resources;
			sourceTree = "<group>";
		};
/* End PBXGroup section */

/* Begin PBXNativeTarget section */
		A50000000000000000000001 /* Framewise */ = {
			isa = PBXNativeTarget;
			buildConfigurationList = A90000000000000000000002 /* Build configuration list for PBXNativeTarget "Framewise" */;
			buildPhases = (
				A60000000000000000000001 /* Sources */,
				A30000000000000000000001 /* Frameworks */,
				A70000000000000000000001 /* Resources */,
			);
			buildRules = (
			);
			dependencies = (
			);
			name = Framewise;
			productName = Framewise;
			productReference = A2000000000000000000000B /* Framewise.app */;
			productType = "com.apple.product-type.application";
		};
/* End PBXNativeTarget section */

/* Begin PBXProject section */
		A80000000000000000000001 /* Project object */ = {
			isa = PBXProject;
			attributes = {
				BuildIndependentTargetsInParallel = 1;
				LastSwiftUpdateCheck = 2600;
				LastUpgradeCheck = 2600;
				TargetAttributes = {
					A50000000000000000000001 = {
						CreatedOnToolsVersion = 26.0;
					};
				};
			};
			buildConfigurationList = A90000000000000000000001 /* Build configuration list for PBXProject "Framewise" */;
			compatibilityVersion = "Xcode 14.0";
			developmentRegion = en;
			hasScannedForEncodings = 0;
			knownRegions = (
				en,
				Base,
				"zh-Hans",
			);
			mainGroup = A40000000000000000000001;
			productRefGroup = A40000000000000000000009 /* Products */;
			projectDirPath = "";
			projectRoot = "";
			targets = (
				A50000000000000000000001 /* Framewise */,
			);
		};
/* End PBXProject section */

/* Begin PBXResourcesBuildPhase section */
		A70000000000000000000001 /* Resources */ = {
			isa = PBXResourcesBuildPhase;
			buildActionMask = 2147483647;
			files = (
				A10000000000000000000008 /* Assets.xcassets in Resources */,
				A10000000000000000000009 /* InfoPlist.strings in Resources */,
			);
			runOnlyForDeploymentPostprocessing = 0;
		};
/* End PBXResourcesBuildPhase section */

/* Begin PBXSourcesBuildPhase section */
		A60000000000000000000001 /* Sources */ = {
			isa = PBXSourcesBuildPhase;
			buildActionMask = 2147483647;
			files = (
				A10000000000000000000001 /* FramewiseApp.swift in Sources */,
				A10000000000000000000002 /* AppRootView.swift in Sources */,
				A10000000000000000000003 /* GuidesScreen.swift in Sources */,
				A10000000000000000000004 /* MineScreen.swift in Sources */,
				A10000000000000000000005 /* SearchScreen.swift in Sources */,
				A10000000000000000000006 /* MainTabView.swift in Sources */,
				A10000000000000000000007 /* FloatingTabBar.swift in Sources */,
			);
			runOnlyForDeploymentPostprocessing = 0;
		};
/* End PBXSourcesBuildPhase section */

/* Begin PBXVariantGroup section */
		A20000000000000000000009 /* InfoPlist.strings */ = {
			isa = PBXVariantGroup;
			children = (
				A2000000000000000000000A /* zh-Hans */,
			);
			name = InfoPlist.strings;
			sourceTree = "<group>";
		};
/* End PBXVariantGroup section */

/* Begin XCBuildConfiguration section */
		AA0000000000000000000001 /* Debug */ = {
			isa = XCBuildConfiguration;
			buildSettings = {
				ALWAYS_SEARCH_USER_PATHS = NO;
				CLANG_ENABLE_MODULES = YES;
				CLANG_ENABLE_OBJC_ARC = YES;
				COPY_PHASE_STRIP = NO;
				DEBUG_INFORMATION_FORMAT = dwarf;
				ENABLE_TESTABILITY = YES;
				GCC_C_LANGUAGE_STANDARD = gnu17;
				GCC_OPTIMIZATION_LEVEL = 0;
				ONLY_ACTIVE_ARCH = YES;
				SDKROOT = iphoneos;
				SWIFT_ACTIVE_COMPILATION_CONDITIONS = "DEBUG $(inherited)";
				SWIFT_OPTIMIZATION_LEVEL = "-Onone";
			};
			name = Debug;
		};
		AA0000000000000000000002 /* Release */ = {
			isa = XCBuildConfiguration;
			buildSettings = {
				ALWAYS_SEARCH_USER_PATHS = NO;
				CLANG_ENABLE_MODULES = YES;
				CLANG_ENABLE_OBJC_ARC = YES;
				COPY_PHASE_STRIP = NO;
				DEBUG_INFORMATION_FORMAT = "dwarf-with-dsym";
				ENABLE_NS_ASSERTIONS = NO;
				GCC_C_LANGUAGE_STANDARD = gnu17;
				SDKROOT = iphoneos;
				SWIFT_COMPILATION_MODE = wholemodule;
			};
			name = Release;
		};
		AA0000000000000000000003 /* Debug */ = {
			isa = XCBuildConfiguration;
			buildSettings = {
				ASSETCATALOG_COMPILER_APPICON_NAME = AppIcon;
				ASSETCATALOG_COMPILER_GLOBAL_ACCENT_COLOR_NAME = AccentColor;
				CODE_SIGN_STYLE = Automatic;
				CURRENT_PROJECT_VERSION = 1;
				DEVELOPMENT_TEAM = "";
				ENABLE_PREVIEWS = YES;
				GENERATE_INFOPLIST_FILE = YES;
				INFOPLIST_KEY_CFBundleAllowMixedLocalizations = YES;
				INFOPLIST_KEY_CFBundleDisplayName = Framewise;
				INFOPLIST_KEY_LSApplicationCategoryType = "public.app-category.photography";
				INFOPLIST_KEY_UIApplicationSceneManifest_Generation = YES;
				INFOPLIST_KEY_UILaunchScreen_Generation = YES;
				INFOPLIST_KEY_UISupportedInterfaceOrientations = UIInterfaceOrientationPortrait;
				IPHONEOS_DEPLOYMENT_TARGET = 18.0;
				MARKETING_VERSION = 1.0.0;
				PRODUCT_BUNDLE_IDENTIFIER = com.leviegu.framewise;
				PRODUCT_NAME = "$(TARGET_NAME)";
				SUPPORTED_PLATFORMS = "iphoneos iphonesimulator";
				SUPPORTS_MACCATALYST = NO;
				SUPPORTS_MAC_DESIGNED_FOR_IPHONE_IPAD = NO;
				SUPPORTS_XR_DESIGNED_FOR_IPHONE_IPAD = NO;
				SWIFT_EMIT_LOC_STRINGS = YES;
				SWIFT_VERSION = 5.0;
				TARGETED_DEVICE_FAMILY = 1;
			};
			name = Debug;
		};
		AA0000000000000000000004 /* Release */ = {
			isa = XCBuildConfiguration;
			buildSettings = {
				ASSETCATALOG_COMPILER_APPICON_NAME = AppIcon;
				ASSETCATALOG_COMPILER_GLOBAL_ACCENT_COLOR_NAME = AccentColor;
				CODE_SIGN_STYLE = Automatic;
				CURRENT_PROJECT_VERSION = 1;
				DEVELOPMENT_TEAM = "";
				ENABLE_PREVIEWS = YES;
				GENERATE_INFOPLIST_FILE = YES;
				INFOPLIST_KEY_CFBundleAllowMixedLocalizations = YES;
				INFOPLIST_KEY_CFBundleDisplayName = Framewise;
				INFOPLIST_KEY_LSApplicationCategoryType = "public.app-category.photography";
				INFOPLIST_KEY_UIApplicationSceneManifest_Generation = YES;
				INFOPLIST_KEY_UILaunchScreen_Generation = YES;
				INFOPLIST_KEY_UISupportedInterfaceOrientations = UIInterfaceOrientationPortrait;
				IPHONEOS_DEPLOYMENT_TARGET = 18.0;
				MARKETING_VERSION = 1.0.0;
				PRODUCT_BUNDLE_IDENTIFIER = com.leviegu.framewise;
				PRODUCT_NAME = "$(TARGET_NAME)";
				SUPPORTED_PLATFORMS = "iphoneos iphonesimulator";
				SUPPORTS_MACCATALYST = NO;
				SUPPORTS_MAC_DESIGNED_FOR_IPHONE_IPAD = NO;
				SUPPORTS_XR_DESIGNED_FOR_IPHONE_IPAD = NO;
				SWIFT_EMIT_LOC_STRINGS = YES;
				SWIFT_VERSION = 5.0;
				TARGETED_DEVICE_FAMILY = 1;
			};
			name = Release;
		};
/* End XCBuildConfiguration section */

/* Begin XCConfigurationList section */
		A90000000000000000000001 /* Build configuration list for PBXProject "Framewise" */ = {
			isa = XCConfigurationList;
			buildConfigurations = (
				AA0000000000000000000001 /* Debug */,
				AA0000000000000000000002 /* Release */,
			);
			defaultConfigurationIsVisible = 0;
			defaultConfigurationName = Release;
		};
		A90000000000000000000002 /* Build configuration list for PBXNativeTarget "Framewise" */ = {
			isa = XCConfigurationList;
			buildConfigurations = (
				AA0000000000000000000003 /* Debug */,
				AA0000000000000000000004 /* Release */,
			);
			defaultConfigurationIsVisible = 0;
			defaultConfigurationName = Release;
		};
/* End XCConfigurationList section */
	};
	rootObject = A80000000000000000000001 /* Project object */;
}
